
Microsoft Visual Studio Solution File, Format Version 12.00
# Visual Studio 15
Project("{FAE04EC0-301F-11D3-BF4B-00C04F79EFBC}") = "LLMUnityFuncCallEditor", "LLMUnityFuncCallEditor.csproj", "{3A8EB976-63B5-9983-5290-F7D3D3CA1834}"
EndProject
Project("{FAE04EC0-301F-11D3-BF4B-00C04F79EFBC}") = "LLMUnityFuncCall", "LLMUnityFuncCall.csproj", "{9C93B032-66C6-13D5-DD74-2A5BDAEB0724}"
EndProject
Global
	GlobalSection(SolutionConfigurationPlatforms) = preSolution
		Debug|Any CPU = Debug|Any CPU
		Release|Any CPU = Release|Any CPU
	EndGlobalSection
	GlobalSection(ProjectConfigurationPlatforms) = postSolution
		{3A8EB976-63B5-9983-5290-F7D3D3CA1834}.Debug|Any CPU.ActiveCfg = Debug|Any CPU
		{3A8EB976-63B5-9983-5290-F7D3D3CA1834}.Debug|Any CPU.Build.0 = Debug|Any CPU
		{3A8EB976-63B5-9983-5290-F7D3D3CA1834}.Release|Any CPU.ActiveCfg = Release|Any CPU
		{3A8EB976-63B5-9983-5290-F7D3D3CA1834}.Release|Any CPU.Build.0 = Release|Any CPU
		{9C93B032-66C6-13D5-DD74-2A5BDAEB0724}.Debug|Any CPU.ActiveCfg = Debug|Any CPU
		{9C93B032-66C6-13D5-DD74-2A5BDAEB0724}.Debug|Any CPU.Build.0 = Debug|Any CPU
		{9C93B032-66C6-13D5-DD74-2A5BDAEB0724}.Release|Any CPU.ActiveCfg = Release|Any CPU
		{9C93B032-66C6-13D5-DD74-2A5BDAEB0724}.Release|Any CPU.Build.0 = Release|Any CPU
	EndGlobalSection
	GlobalSection(SolutionProperties) = preSolution
		HideSolutionNode = FALSE
	EndGlobalSection
EndGlobal
